
Microsoft Visual Studio Solution File, Format Version 12.00
# Visual Studio Version 16
VisualStudioVersion = 16.0.29503.13
MinimumVisualStudioVersion = 10.0.40219.1
Project("{FAE04EC0-301F-11D3-BF4B-00C04F79EFBC}") = "Primo.SDKSample", "Primo.SDKSample\Primo.SDKSample.csproj", "{2A30E814-957F-45A4-9DE9-42EDE966EDED}"
EndProject
Global
	GlobalSection(SolutionConfigurationPlatforms) = preSolution
		Debug|Any CPU = Debug|Any CPU
		Release|Any CPU = Release|Any CPU
	EndGlobalSection
	GlobalSection(ProjectConfigurationPlatforms) = postSolution
		{2A30E814-957F-45A4-9DE9-42EDE966EDED}.Debug|Any CPU.ActiveCfg = Debug|Any CPU
		{2A30E814-957F-45A4-9DE9-42EDE966EDED}.Debug|Any CPU.Build.0 = Debug|Any CPU
		{2A30E814-957F-45A4-9DE9-42EDE966EDED}.Release|Any CPU.ActiveCfg = Release|Any CPU
		{2A30E814-957F-45A4-9DE9-42EDE966EDED}.Release|Any CPU.Build.0 = Release|Any CPU
	EndGlobalSection
	GlobalSection(SolutionProperties) = preSolution
		HideSolutionNode = FALSE
	EndGlobalSection
	GlobalSection(ExtensibilityGlobals) = postSolution
		SolutionGuid = {A1BDB2BD-B1F3-4636-B01D-E33A09D7B6E2}
	EndGlobalSection
EndGlobal
